
Microsoft Visual Studio Solution File, Format Version 12.00
# Visual Studio 15
VisualStudioVersion = 15.0.28307.421
MinimumVisualStudioVersion = 10.0.40219.1
Project("{FAE04EC0-301F-11D3-BF4B-00C04F79EFBC}") = "SeleniumTesting", "SeleniumTesting\SeleniumTesting.csproj", "{E83DDBFC-06D6-48B8-B708-3FB054894D45}"
EndProject
Global
	GlobalSection(SolutionConfigurationPlatforms) = preSolution
		Debug|Any CPU = Debug|Any CPU
		Release|Any CPU = Release|Any CPU
	EndGlobalSection
	GlobalSection(ProjectConfigurationPlatforms) = postSolution
		{E83DDBFC-06D6-48B8-B708-3FB054894D45}.Debug|Any CPU.ActiveCfg = Debug|Any CPU
		{E83DDBFC-06D6-48B8-B708-3FB054894D45}.Debug|Any CPU.Build.0 = Debug|Any CPU
		{E83DDBFC-06D6-48B8-B708-3FB054894D45}.Release|Any CPU.ActiveCfg = Release|Any CPU
		{E83DDBFC-06D6-48B8-B708-3FB054894D45}.Release|Any CPU.Build.0 = Release|Any CPU
	EndGlobalSection
	GlobalSection(SolutionProperties) = preSolution
		HideSolutionNode = FALSE
	EndGlobalSection
	GlobalSection(ExtensibilityGlobals) = postSolution
		SolutionGuid = {9500F913-1CDE-4578-8DFF-871A311BC57E}
	EndGlobalSection
EndGlobal
